// !$*UTF8*$!
{
	archiveVersion = 1;
	classes = {
	};
	objectVersion = 46;
	objects = {

/* Begin PBXBuildFile section */
		44BECFB01EF2DE7200FA9444 /* main.m in Sources */ = {isa = PBXBuildFile; fileRef = 44BECFAF1EF2DE7200FA9444 /* main.m */; };
		44BECFB31EF2DE7200FA9444 /* AppDelegate.m in Sources */ = {isa = PBXBuildFile; fileRef = 44BECFB21EF2DE7200FA9444 /* AppDelegate.m */; };
		44BECFB91EF2DE7200FA9444 /* Main.storyboard in Resources */ = {isa = PBXBuildFile; fileRef = 44BECFB71EF2DE7200FA9444 /* Main.storyboard */; };
		44BECFBB1EF2DE7200FA9444 /* Assets.xcassets in Resources */ = {isa = PBXBuildFile; fileRef = 44BECFBA1EF2DE7200FA9444 /* Assets.xcassets */; };
		44BECFBE1EF2DE7200FA9444 /* LaunchScreen.storyboard in Resources */ = {isa = PBXBuildFile; fileRef = 44BECFBC1EF2DE7200FA9444 /* LaunchScreen.storyboard */; };
		44BECFC91EF2DE7200FA9444 /* NSKeyedArchiverTests.m in Sources */ = {isa = PBXBuildFile; fileRef = 44BECFC81EF2DE7200FA9444 /* NSKeyedArchiverTests.m */; };
		44BECFD41EF2DE7200FA9444 /* NSKeyedArchiverUITests.m in Sources */ = {isa = PBXBuildFile; fileRef = 44BECFD31EF2DE7200FA9444 /* NSKeyedArchiverUITests.m */; };
		44BECFE71EF2DE9C00FA9444 /* LocalArchiver.m in Sources */ = {isa = PBXBuildFile; fileRef = 44BECFE21EF2DE9C00FA9444 /* LocalArchiver.m */; };
		44BECFE81EF2DE9C00FA9444 /* Person.m in Sources */ = {isa = PBXBuildFile; fileRef = 44BECFE41EF2DE9C00FA9444 /* Person.m */; };
		44BECFE91EF2DE9C00FA9444 /* ViewController.m in Sources */ = {isa = PBXBuildFile; fileRef = 44BECFE61EF2DE9C00FA9444 /* ViewController.m */; };
/* End PBXBuildFile section */

/* Begin PBXContainerItemProxy section */
		44BECFC51EF2DE7200FA9444 /* PBXContainerItemProxy */ = {
			isa = PBXContainerItemProxy;
			containerPortal = 44BECFA31EF2DE7200FA9444 /* Project object */;
			proxyType = 1;
			remoteGlobalIDString = 44BECFAA1EF2DE7200FA9444;
			remoteInfo = NSKeyedArchiver;
		};
		44BECFD01EF2DE7200FA9444 /* PBXContainerItemProxy */ = {
			isa = PBXContainerItemProxy;
			containerPortal = 44BECFA31EF2DE7200FA9444 /* Project object */;
			proxyType = 1;
			remoteGlobalIDString = 44BECFAA1EF2DE7200FA9444;
			remoteInfo = NSKeyedArchiver;
		};
/* End PBXContainerItemProxy section */

/* Begin PBXFileReference section */
		44BECFAB1EF2DE7200FA9444 /* NSKeyedArchiver.app */ = {isa = PBXFileReference; explicitFileType = wrapper.application; includeInIndex = 0; path = NSKeyedArchiver.app; sourceTree = BUILT_PRODUCTS_DIR; };
		44BECFAF1EF2DE7200FA9444 /* main.m */ = {isa = PBXFileReference; lastKnownFileType = sourcecode.c.objc; path = main.m; sourceTree = "<group>"; };
		44BECFB11EF2DE7200FA9444 /* AppDelegate.h */ = {isa = PBXFileReference; lastKnownFileType = sourcecode.c.h; path = AppDelegate.h; sourceTree = "<group>"; };
		44BECFB21EF2DE7200FA9444 /* AppDelegate.m */ = {isa = PBXFileReference; lastKnownFileType = sourcecode.c.objc; path = AppDelegate.m; sourceTree = "<group>"; };
		44BECFB81EF2DE7200FA9444 /* Base */ = {isa = PBXFileReference; lastKnownFileType = file.storyboard; name = Base; path = Base.lproj/Main.storyboard; sourceTree = "<group>"; };
		44BECFBA1EF2DE7200FA9444 /* Assets.xcassets */ = {isa = PBXFileReference; lastKnownFileType = folder.assetcatalog; path = Assets.xcassets; sourceTree = "<group>"; };
		44BECFBD1EF2DE7200FA9444 /* Base */ = {isa = PBXFileReference; lastKnownFileType = file.storyboard; name = Base; path = Base.lproj/LaunchScreen.storyboard; sourceTree = "<group>"; };
		44BECFBF1EF2DE7200FA9444 /* Info.plist */ = {isa = PBXFileReference; lastKnownFileType = text.plist.xml; path = Info.plist; sourceTree = "<group>"; };
		44BECFC41EF2DE7200FA9444 /* NSKeyedArchiverTests.xctest */ = {isa = PBXFileReference; explicitFileType = wrapper.cfbundle; includeInIndex = 0; path = NSKeyedArchiverTests.xctest; sourceTree = BUILT_PRODUCTS_DIR; };
		44BECFC81EF2DE7200FA9444 /* NSKeyedArchiverTests.m */ = {isa = PBXFileReference; lastKnownFileType = sourcecode.c.objc; path = NSKeyedArchiverTests.m; sourceTree = "<group>"; };
		44BECFCA1EF2DE7200FA9444 /* Info.plist */ = {isa = PBXFileReference; lastKnownFileType = text.plist.xml; path = Info.plist; sourceTree = "<group>"; };
		44BECFCF1EF2DE7200FA9444 /* NSKeyedArchiverUITests.xctest */ = {isa = PBXFileReference; explicitFileType = wrapper.cfbundle; includeInIndex = 0; path = NSKeyedArchiverUITests.xctest; sourceTree = BUILT_PRODUCTS_DIR; };
		44BECFD31EF2DE7200FA9444 /* NSKeyedArchiverUITests.m */ = {isa = PBXFileReference; lastKnownFileType = sourcecode.c.objc; path = NSKeyedArchiverUITests.m; sourceTree = "<group>"; };
		44BECFD51EF2DE7200FA9444 /* Info.plist */ = {isa = PBXFileReference; lastKnownFileType = text.plist.xml; path = Info.plist; sourceTree = "<group>"; };
		44BECFE11EF2DE9C00FA9444 /* LocalArchiver.h */ = {isa = PBXFileReference; fileEncoding = 4; lastKnownFileType = sourcecode.c.h; path = LocalArchiver.h; sourceTree = "<group>"; };
		44BECFE21EF2DE9C00FA9444 /* LocalArchiver.m */ = {isa = PBXFileReference; fileEncoding = 4; lastKnownFileType = sourcecode.c.objc; path = LocalArchiver.m; sourceTree = "<group>"; };
		44BECFE31EF2DE9C00FA9444 /* Person.h */ = {isa = PBXFileReference; fileEncoding = 4; lastKnownFileType = sourcecode.c.h; path = Person.h; sourceTree = "<group>"; };
		44BECFE41EF2DE9C00FA9444 /* Person.m */ = {isa = PBXFileReference; fileEncoding = 4; lastKnownFileType = sourcecode.c.objc; path = Person.m; sourceTree = "<group>"; };
		44BECFE51EF2DE9C00FA9444 /* ViewController.h */ = {isa = PBXFileReference; fileEncoding = 4; lastKnownFileType = sourcecode.c.h; path = ViewController.h; sourceTree = "<group>"; };
		44BECFE61EF2DE9C00FA9444 /* ViewController.m */ = {isa = PBXFileReference; fileEncoding = 4; lastKnownFileType = sourcecode.c.objc; path = ViewController.m; sourceTree = "<group>"; };
/* End PBXFileReference section */

/* Begin PBXFrameworksBuildPhase section */
		44BECFA81EF2DE7200FA9444 /* Frameworks */ = {
			isa = PBXFrameworksBuildPhase;
			buildActionMask = 2147483647;
			files = (
			);
			runOnlyForDeploymentPostprocessing = 0;
		};
		44BECFC11EF2DE7200FA9444 /* Frameworks */ = {
			isa = PBXFrameworksBuildPhase;
			buildActionMask = 2147483647;
			files = (
			);
			runOnlyForDeploymentPostprocessing = 0;
		};
		44BECFCC1EF2DE7200FA9444 /* Frameworks */ = {
			isa = PBXFrameworksBuildPhase;
			buildActionMask = 2147483647;
			files = (
			);
			runOnlyForDeploymentPostprocessing = 0;
		};
/* End PBXFrameworksBuildPhase section */

/* Begin PBXGroup section */
		44BECFA21EF2DE7200FA9444 = {
			isa = PBXGroup;
			children = (
				44BECFAD1EF2DE7200FA9444 /* NSKeyedArchiver */,
				44BECFC71EF2DE7200FA9444 /* NSKeyedArchiverTests */,
				44BECFD21EF2DE7200FA9444 /* NSKeyedArchiverUITests */,
				44BECFAC1EF2DE7200FA9444 /* Products */,
			);
			sourceTree = "<group>";
		};
		44BECFAC1EF2DE7200FA9444 /* Products */ = {
			isa = PBXGroup;
			children = (
				44BECFAB1EF2DE7200FA9444 /* NSKeyedArchiver.app */,
				44BECFC41EF2DE7200FA9444 /* NSKeyedArchiverTests.xctest */,
				44BECFCF1EF2DE7200FA9444 /* NSKeyedArchiverUITests.xctest */,
			);
			name = Products;
			sourceTree = "<group>";
		};
		44BECFAD1EF2DE7200FA9444 /* NSKeyedArchiver */ = {
			isa = PBXGroup;
			children = (
				44BECFB11EF2DE7200FA9444 /* AppDelegate.h */,
				44BECFB21EF2DE7200FA9444 /* AppDelegate.m */,
				44BECFE51EF2DE9C00FA9444 /* ViewController.h */,
				44BECFE61EF2DE9C00FA9444 /* ViewController.m */,
				44BECFE11EF2DE9C00FA9444 /* LocalArchiver.h */,
				44BECFE21EF2DE9C00FA9444 /* LocalArchiver.m */,
				44BECFE31EF2DE9C00FA9444 /* Person.h */,
				44BECFE41EF2DE9C00FA9444 /* Person.m */,
				44BECFB71EF2DE7200FA9444 /* Main.storyboard */,
				44BECFBA1EF2DE7200FA9444 /* Assets.xcassets */,
				44BECFBC1EF2DE7200FA9444 /* LaunchScreen.storyboard */,
				44BECFBF1EF2DE7200FA9444 /* Info.plist */,
				44BECFAE1EF2DE7200FA9444 /* Supporting Files */,
			);
			path = NSKeyedArchiver;
			sourceTree = "<group>";
		};
		44BECFAE1EF2DE7200FA9444 /* Supporting Files */ = {
			isa = PBXGroup;
			children = (
				44BECFAF1EF2DE7200FA9444 /* main.m */,
			);
			name = "Supporting Files";
			sourceTree = "<group>";
		};
		44BECFC71EF2DE7200FA9444 /* NSKeyedArchiverTests */ = {
			isa = PBXGroup;
			children = (
				44BECFC81EF2DE7200FA9444 /* NSKeyedArchiverTests.m */,
				44BECFCA1EF2DE7200FA9444 /* Info.plist */,
			);
			path = NSKeyedArchiverTests;
			sourceTree = "<group>";
		};
		44BECFD21EF2DE7200FA9444 /* NSKeyedArchiverUITests */ = {
			isa = PBXGroup;
			children = (
				44BECFD31EF2DE7200FA9444 /* NSKeyedArchiverUITests.m */,
				44BECFD51EF2DE7200FA9444 /* Info.plist */,
			);
			path = NSKeyedArchiverUITests;
			sourceTree = "<group>";
		};
/* End PBXGroup section */

/* Begin PBXNativeTarget section */
		44BECFAA1EF2DE7200FA9444 /* NSKeyedArchiver */ = {
			isa = PBXNativeTarget;
			buildConfigurationList = 44BECFD81EF2DE7200FA9444 /* Build configuration list for PBXNativeTarget "NSKeyedArchiver" */;
			buildPhases = (
				44BECFA71EF2DE7200FA9444 /* Sources */,
				44BECFA81EF2DE7200FA9444 /* Frameworks */,
				44BECFA91EF2DE7200FA9444 /* Resources */,
			);
			buildRules = (
			);
			dependencies = (
			);
			name = NSKeyedArchiver;
			productName = NSKeyedArchiver;
			productReference = 44BECFAB1EF2DE7200FA9444 /* NSKeyedArchiver.app */;
			productType = "com.apple.product-type.application";
		};
		44BECFC31EF2DE7200FA9444 /* NSKeyedArchiverTests */ = {
			isa = PBXNativeTarget;
			buildConfigurationList = 44BECFDB1EF2DE7200FA9444 /* Build configuration list for PBXNativeTarget "NSKeyedArchiverTests" */;
			buildPhases = (
				44BECFC01EF2DE7200FA9444 /* Sources */,
				44BECFC11EF2DE7200FA9444 /* Frameworks */,
				44BECFC21EF2DE7200FA9444 /* Resources */,
			);
			buildRules = (
			);
			dependencies = (
				44BECFC61EF2DE7200FA9444 /* PBXTargetDependency */,
			);
			name = NSKeyedArchiverTests;
			productName = NSKeyedArchiverTests;
			productReference = 44BECFC41EF2DE7200FA9444 /* NSKeyedArchiverTests.xctest */;
			productType = "com.apple.product-type.bundle.unit-test";
		};
		44BECFCE1EF2DE7200FA9444 /* NSKeyedArchiverUITests */ = {
			isa = PBXNativeTarget;
			buildConfigurationList = 44BECFDE1EF2DE7200FA9444 /* Build configuration list for PBXNativeTarget "NSKeyedArchiverUITests" */;
			buildPhases = (
				44BECFCB1EF2DE7200FA9444 /* Sources */,
				44BECFCC1EF2DE7200FA9444 /* Frameworks */,
				44BECFCD1EF2DE7200FA9444 /* Resources */,
			);
			buildRules = (
			);
			dependencies = (
				44BECFD11EF2DE7200FA9444 /* PBXTargetDependency */,
			);
			name = NSKeyedArchiverUITests;
			productName = NSKeyedArchiverUITests;
			productReference = 44BECFCF1EF2DE7200FA9444 /* NSKeyedArchiverUITests.xctest */;
			productType = "com.apple.product-type.bundle.ui-testing";
		};
/* End PBXNativeTarget section */

/* Begin PBXProject section */
		44BECFA31EF2DE7200FA9444 /* Project object */ = {
			isa = PBXProject;
			attributes = {
				LastUpgradeCheck = 0830;
				ORGANIZATIONNAME = Eugene;
				TargetAttributes = {
					44BECFAA1EF2DE7200FA9444 = {
						CreatedOnToolsVersion = 8.3.2;
						DevelopmentTeam = TU99LZKZGR;
						ProvisioningStyle = Automatic;
					};
					44BECFC31EF2DE7200FA9444 = {
						CreatedOnToolsVersion = 8.3.2;
						DevelopmentTeam = TU99LZKZGR;
						ProvisioningStyle = Automatic;
						TestTargetID = 44BECFAA1EF2DE7200FA9444;
					};
					44BECFCE1EF2DE7200FA9444 = {
						CreatedOnToolsVersion = 8.3.2;
						DevelopmentTeam = TU99LZKZGR;
						ProvisioningStyle = Automatic;
						TestTargetID = 44BECFAA1EF2DE7200FA9444;
					};
				};
			};
			buildConfigurationList = 44BECFA61EF2DE7200FA9444 /* Build configuration list for PBXProject "NSKeyedArchiver" */;
			compatibilityVersion = "Xcode 3.2";
			developmentRegion = English;
			hasScannedForEncodings = 0;
			knownRegions = (
				en,
				Base,
			);
			mainGroup = 44BECFA21EF2DE7200FA9444;
			productRefGroup = 44BECFAC1EF2DE7200FA9444 /* Products */;
			projectDirPath = "";
			projectRoot = "";
			targets = (
				44BECFAA1EF2DE7200FA9444 /* NSKeyedArchiver */,
				44BECFC31EF2DE7200FA9444 /* NSKeyedArchiverTests */,
				44BECFCE1EF2DE7200FA9444 /* NSKeyedArchiverUITests */,
			);
		};
/* End PBXProject section */

/* Begin PBXResourcesBuildPhase section */
		44BECFA91EF2DE7200FA9444 /* Resources */ = {
			isa = PBXResourcesBuildPhase;
			buildActionMask = 2147483647;
			files = (
				44BECFBE1EF2DE7200FA9444 /* LaunchScreen.storyboard in Resources */,
				44BECFBB1EF2DE7200FA9444 /* Assets.xcassets in Resources */,
				44BECFB91EF2DE7200FA9444 /* Main.storyboard in Resources */,
			);
			runOnlyForDeploymentPostprocessing = 0;
		};
		44BECFC21EF2DE7200FA9444 /* Resources */ = {
			isa = PBXResourcesBuildPhase;
			buildActionMask = 2147483647;
			files = (
			);
			runOnlyForDeploymentPostprocessing = 0;
		};
		44BECFCD1EF2DE7200FA9444 /* Resources */ = {
			isa = PBXResourcesBuildPhase;
			buildActionMask = 2147483647;
			files = (
			);
			runOnlyForDeploymentPostprocessing = 0;
		};
/* End PBXResourcesBuildPhase section */

/* Begin PBXSourcesBuildPhase section */
		44BECFA71EF2DE7200FA9444 /* Sources */ = {
			isa = PBXSourcesBuildPhase;
			buildActionMask = 2147483647;
			files = (
				44BECFB31EF2DE7200FA9444 /* AppDelegate.m in Sources */,
				44BECFE71EF2DE9C00FA9444 /* LocalArchiver.m in Sources */,
				44BECFE81EF2DE9C00FA9444 /* Person.m in Sources */,
				44BECFB01EF2DE7200FA9444 /* main.m in Sources */,
				44BECFE91EF2DE9C00FA9444 /* ViewController.m in Sources */,
			);
			runOnlyForDeploymentPostprocessing = 0;
		};
		44BECFC01EF2DE7200FA9444 /* Sources */ = {
			isa = PBXSourcesBuildPhase;
			buildActionMask = 2147483647;
			files = (
				44BECFC91EF2DE7200FA9444 /* NSKeyedArchiverTests.m in Sources */,
			);
			runOnlyForDeploymentPostprocessing = 0;
		};
		44BECFCB1EF2DE7200FA9444 /* Sources */ = {
			isa = PBXSourcesBuildPhase;
			buildActionMask = 2147483647;
			files = (
				44BECFD41EF2DE7200FA9444 /* NSKeyedArchiverUITests.m in Sources */,
			);
			runOnlyForDeploymentPostprocessing = 0;
		};
/* End PBXSourcesBuildPhase section */

/* Begin PBXTargetDependency section */
		44BECFC61EF2DE7200FA9444 /* PBXTargetDependency */ = {
			isa = PBXTargetDependency;
			target = 44BECFAA1EF2DE7200FA9444 /* NSKeyedArchiver */;
			targetProxy = 44BECFC51EF2DE7200FA9444 /* PBXContainerItemProxy */;
		};
		44BECFD11EF2DE7200FA9444 /* PBXTargetDependency */ = {
			isa = PBXTargetDependency;
			target = 44BECFAA1EF2DE7200FA9444 /* NSKeyedArchiver */;
			targetProxy = 44BECFD01EF2DE7200FA9444 /* PBXContainerItemProxy */;
		};
/* End PBXTargetDependency section */

/* Begin PBXVariantGroup section */
		44BECFB71EF2DE7200FA9444 /* Main.storyboard */ = {
			isa = PBXVariantGroup;
			children = (
				44BECFB81EF2DE7200FA9444 /* Base */,
			);
			name = Main.storyboard;
			sourceTree = "<group>";
		};
		44BECFBC1EF2DE7200FA9444 /* LaunchScreen.storyboard */ = {
			isa = PBXVariantGroup;
			children = (
				44BECFBD1EF2DE7200FA9444 /* Base */,
			);
			name = LaunchScreen.storyboard;
			sourceTree = "<group>";
		};
/* End PBXVariantGroup section */

/* Begin XCBuildConfiguration section */
		44BECFD61EF2DE7200FA9444 /* Debug */ = {
			isa = XCBuildConfiguration;
			buildSettings = {
				ALWAYS_SEARCH_USER_PATHS = NO;
				CLANG_ANALYZER_NONNULL = YES;
				CLANG_ANALYZER_NUMBER_OBJECT_CONVERSION = YES_AGGRESSIVE;
				CLANG_CXX_LANGUAGE_STANDARD = "gnu++0x";
				CLANG_CXX_LIBRARY = "libc++";
				CLANG_ENABLE_MODULES = YES;
				CLANG_ENABLE_OBJC_ARC = YES;
				CLANG_WARN_BOOL_CONVERSION = YES;
				CLANG_WARN_CONSTANT_CONVERSION = YES;
				CLANG_WARN_DIRECT_OBJC_ISA_USAGE = YES_ERROR;
				CLANG_WARN_DOCUMENTATION_COMMENTS = YES;
				CLANG_WARN_EMPTY_BODY = YES;
				CLANG_WARN_ENUM_CONVERSION = YES;
				CLANG_WARN_INFINITE_RECURSION = YES;
				CLANG_WARN_INT_CONVERSION = YES;
				CLANG_WARN_OBJC_ROOT_CLASS = YES_ERROR;
				CLANG_WARN_SUSPICIOUS_MOVE = YES;
				CLANG_WARN_UNREACHABLE_CODE = YES;
				CLANG_WARN__DUPLICATE_METHOD_MATCH = YES;
				"CODE_SIGN_IDENTITY[sdk=iphoneos*]" = "iPhone Developer";
				COPY_PHASE_STRIP = NO;
				DEBUG_INFORMATION_FORMAT = dwarf;
				ENABLE_STRICT_OBJC_MSGSEND = YES;
				ENABLE_TESTABILITY = YES;
				GCC_C_LANGUAGE_STANDARD = gnu99;
				GCC_DYNAMIC_NO_PIC = NO;
				GCC_NO_COMMON_BLOCKS = YES;
				GCC_OPTIMIZATION_LEVEL = 0;
				GCC_PREPROCESSOR_DEFINITIONS = (
					"DEBUG=1",
					"$(inherited)",
				);
				GCC_WARN_64_TO_32_BIT_CONVERSION = YES;
				GCC_WARN_ABOUT_RETURN_TYPE = YES_ERROR;
				GCC_WARN_UNDECLARED_SELECTOR = YES;
				GCC_WARN_UNINITIALIZED_AUTOS = YES_AGGRESSIVE;
				GCC_WARN_UNUSED_FUNCTION = YES;
				GCC_WARN_UNUSED_VARIABLE = YES;
				IPHONEOS_DEPLOYMENT_TARGET = 10.3;
				MTL_ENABLE_DEBUG_INFO = YES;
				ONLY_ACTIVE_ARCH = YES;
				SDKROOT = iphoneos;
			};
			name = Debug;
		};
		44BECFD71EF2DE7200FA9444 /* Release */ = {
			isa = XCBuildConfiguration;
			buildSettings = {
				ALWAYS_SEARCH_USER_PATHS = NO;
				CLANG_ANALYZER_NONNULL = YES;
				CLANG_ANALYZER_NUMBER_OBJECT_CONVERSION = YES_AGGRESSIVE;
				CLANG_CXX_LANGUAGE_STANDARD = "gnu++0x";
				CLANG_CXX_LIBRARY = "libc++";
				CLANG_ENABLE_MODULES = YES;
				CLANG_ENABLE_OBJC_ARC = YES;
				CLANG_WARN_BOOL_CONVERSION = YES;
				CLANG_WARN_CONSTANT_CONVERSION = YES;
				CLANG_WARN_DIRECT_OBJC_ISA_USAGE = YES_ERROR;
				CLANG_WARN_DOCUMENTATION_COMMENTS = YES;
				CLANG_WARN_EMPTY_BODY = YES;
				CLANG_WARN_ENUM_CONVERSION = YES;
				CLANG_WARN_INFINITE_RECURSION = YES;
				CLANG_WARN_INT_CONVERSION = YES;
				CLANG_WARN_OBJC_ROOT_CLASS = YES_ERROR;
				CLANG_WARN_SUSPICIOUS_MOVE = YES;
				CLANG_WARN_UNREACHABLE_CODE = YES;
				CLANG_WARN__DUPLICATE_METHOD_MATCH = YES;
				"CODE_SIGN_IDENTITY[sdk=iphoneos*]" = "iPhone Developer";
				COPY_PHASE_STRIP = NO;
				DEBUG_INFORMATION_FORMAT = "dwarf-with-dsym";
				ENABLE_NS_ASSERTIONS = NO;
				ENABLE_STRICT_OBJC_MSGSEND = YES;
				GCC_C_LANGUAGE_STANDARD = gnu99;
				GCC_NO_COMMON_BLOCKS = YES;
				GCC_WARN_64_TO_32_BIT_CONVERSION = YES;
				GCC_WARN_ABOUT_RETURN_TYPE = YES_ERROR;
				GCC_WARN_UNDECLARED_SELECTOR = YES;
				GCC_WARN_UNINITIALIZED_AUTOS = YES_AGGRESSIVE;
				GCC_WARN_UNUSED_FUNCTION = YES;
				GCC_WARN_UNUSED_VARIABLE = YES;
				IPHONEOS_DEPLOYMENT_TARGET = 10.3;
				MTL_ENABLE_DEBUG_INFO = NO;
				SDKROOT = iphoneos;
				VALIDATE_PRODUCT = YES;
			};
			name = Release;
		};
		44BECFD91EF2DE7200FA9444 /* Debug */ = {
			isa = XCBuildConfiguration;
			buildSettings = {
				ASSETCATALOG_COMPILER_APPICON_NAME = AppIcon;
				DEVELOPMENT_TEAM = TU99LZKZGR;
				INFOPLIST_FILE = NSKeyedArchiver/Info.plist;
				LD_RUNPATH_SEARCH_PATHS = "$(inherited) @executable_path/Frameworks";
				PRODUCT_BUNDLE_IDENTIFIER = WJ.NSKeyedArchiver;
				PRODUCT_NAME = "$(TARGET_NAME)";
			};
			name = Debug;
		};
		44BECFDA1EF2DE7200FA9444 /* Release */ = {
			isa = XCBuildConfiguration;
			buildSettings = {
				ASSETCATALOG_COMPILER_APPICON_NAME = AppIcon;
				DEVELOPMENT_TEAM = TU99LZKZGR;
				INFOPLIST_FILE = NSKeyedArchiver/Info.plist;
				LD_RUNPATH_SEARCH_PATHS = "$(inherited) @executable_path/Frameworks";
				PRODUCT_BUNDLE_IDENTIFIER = WJ.NSKeyedArchiver;
				PRODUCT_NAME = "$(TARGET_NAME)";
			};
			name = Release;
		};
		44BECFDC1EF2DE7200FA9444 /* Debug */ = {
			isa = XCBuildConfiguration;
			buildSettings = {
				BUNDLE_LOADER = "$(TEST_HOST)";
				DEVELOPMENT_TEAM = TU99LZKZGR;
				INFOPLIST_FILE = NSKeyedArchiverTests/Info.plist;
				LD_RUNPATH_SEARCH_PATHS = "$(inherited) @executable_path/Frameworks @loader_path/Frameworks";
				PRODUCT_BUNDLE_IDENTIFIER = WJ.NSKeyedArchiverTests;
				PRODUCT_NAME = "$(TARGET_NAME)";
				TEST_HOST = "$(BUILT_PRODUCTS_DIR)/NSKeyedArchiver.app/NSKeyedArchiver";
			};
			name = Debug;
		};
		44BECFDD1EF2DE7200FA9444 /* Release */ = {
			isa = XCBuildConfiguration;
			buildSettings = {
				BUNDLE_LOADER = "$(TEST_HOST)";
				DEVELOPMENT_TEAM = TU99LZKZGR;
				INFOPLIST_FILE = NSKeyedArchiverTests/Info.plist;
				LD_RUNPATH_SEARCH_PATHS = "$(inherited) @executable_path/Frameworks @loader_path/Frameworks";
				PRODUCT_BUNDLE_IDENTIFIER = WJ.NSKeyedArchiverTests;
				PRODUCT_NAME = "$(TARGET_NAME)";
				TEST_HOST = "$(BUILT_PRODUCTS_DIR)/NSKeyedArchiver.app/NSKeyedArchiver";
			};
			name = Release;
		};
		44BECFDF1EF2DE7200FA9444 /* Debug */ = {
			isa = XCBuildConfiguration;
			buildSettings = {
				DEVELOPMENT_TEAM = TU99LZKZGR;
				INFOPLIST_FILE = NSKeyedArchiverUITests/Info.plist;
				LD_RUNPATH_SEARCH_PATHS = "$(inherited) @executable_path/Frameworks @loader_path/Frameworks";
				PRODUCT_BUNDLE_IDENTIFIER = WJ.NSKeyedArchiverUITests;
				PRODUCT_NAME = "$(TARGET_NAME)";
				TEST_TARGET_NAME = NSKeyedArchiver;
			};
			name = Debug;
		};
		44BECFE01EF2DE7200FA9444 /* Release */ = {
			isa = XCBuildConfiguration;
			buildSettings = {
				DEVELOPMENT_TEAM = TU99LZKZGR;
				INFOPLIST_FILE = NSKeyedArchiverUITests/Info.plist;
				LD_RUNPATH_SEARCH_PATHS = "$(inherited) @executable_path/Frameworks @loader_path/Frameworks";
				PRODUCT_BUNDLE_IDENTIFIER = WJ.NSKeyedArchiverUITests;
				PRODUCT_NAME = "$(TARGET_NAME)";
				TEST_TARGET_NAME = NSKeyedArchiver;
			};
			name = Release;
		};
/* End XCBuildConfiguration section */

/* Begin XCConfigurationList section */
		44BECFA61EF2DE7200FA9444 /* Build configuration list for PBXProject "NSKeyedArchiver" */ = {
			isa = XCConfigurationList;
			buildConfigurations = (
				44BECFD61EF2DE7200FA9444 /* Debug */,
				44BECFD71EF2DE7200FA9444 /* Release */,
			);
			defaultConfigurationIsVisible = 0;
			defaultConfigurationName = Release;
		};
		44BECFD81EF2DE7200FA9444 /* Build configuration list for PBXNativeTarget "NSKeyedArchiver" */ = {
			isa = XCConfigurationList;
			buildConfigurations = (
				44BECFD91EF2DE7200FA9444 /* Debug */,
				44BECFDA1EF2DE7200FA9444 /* Release */,
			);
			defaultConfigurationIsVisible = 0;
		};
		44BECFDB1EF2DE7200FA9444 /* Build configuration list for PBXNativeTarget "NSKeyedArchiverTests" */ = {
			isa = XCConfigurationList;
			buildConfigurations = (
				44BECFDC1EF2DE7200FA9444 /* Debug */,
				44BECFDD1EF2DE7200FA9444 /* Release */,
			);
			defaultConfigurationIsVisible = 0;
		};
		44BECFDE1EF2DE7200FA9444 /* Build configuration list for PBXNativeTarget "NSKeyedArchiverUITests" */ = {
			isa = XCConfigurationList;
			buildConfigurations = (
				44BECFDF1EF2DE7200FA9444 /* Debug */,
				44BECFE01EF2DE7200FA9444 /* Release */,
			);
			defaultConfigurationIsVisible = 0;
		};
/* End XCConfigurationList section */
	};
	rootObject = 44BECFA31EF2DE7200FA9444 /* Project object */;
}
