// !$*UTF8*$!
{
	archiveVersion = 1;
	classes = {
	};
	objectVersion = 46;
	objects = {

/* Begin PBXBuildFile section */
		CC3886C81F14C9F4005F9543 /* AppDelegate.swift in Sources */ = {isa = PBXBuildFile; fileRef = CC3886C71F14C9F4005F9543 /* AppDelegate.swift */; };
		CC3886CA1F14C9F4005F9543 /* ViewController.swift in Sources */ = {isa = PBXBuildFile; fileRef = CC3886C91F14C9F4005F9543 /* ViewController.swift */; };
		CC3886CD1F14C9F4005F9543 /* Main.storyboard in Resources */ = {isa = PBXBuildFile; fileRef = CC3886CB1F14C9F4005F9543 /* Main.storyboard */; };
		CC3886CF1F14C9F4005F9543 /* Assets.xcassets in Resources */ = {isa = PBXBuildFile; fileRef = CC3886CE1F14C9F4005F9543 /* Assets.xcassets */; };
		CC3886D21F14C9F4005F9543 /* LaunchScreen.storyboard in Resources */ = {isa = PBXBuildFile; fileRef = CC3886D01F14C9F4005F9543 /* LaunchScreen.storyboard */; };
		CC3886DD1F14C9F4005F9543 /* Swift3______Tests.swift in Sources */ = {isa = PBXBuildFile; fileRef = CC3886DC1F14C9F4005F9543 /* Swift3______Tests.swift */; };
		CC3886E81F14C9F4005F9543 /* Swift3______UITests.swift in Sources */ = {isa = PBXBuildFile; fileRef = CC3886E71F14C9F4005F9543 /* Swift3______UITests.swift */; };
		CC3886F61F15CD41005F9543 /* ZEPhoneField.swift in Sources */ = {isa = PBXBuildFile; fileRef = CC3886F51F15CD41005F9543 /* ZEPhoneField.swift */; };
/* End PBXBuildFile section */

/* Begin PBXContainerItemProxy section */
		CC3886D91F14C9F4005F9543 /* PBXContainerItemProxy */ = {
			isa = PBXContainerItemProxy;
			containerPortal = CC3886BC1F14C9F4005F9543 /* Project object */;
			proxyType = 1;
			remoteGlobalIDString = CC3886C31F14C9F4005F9543;
			remoteInfo = "Swift3手机号输入框";
		};
		CC3886E41F14C9F4005F9543 /* PBXContainerItemProxy */ = {
			isa = PBXContainerItemProxy;
			containerPortal = CC3886BC1F14C9F4005F9543 /* Project object */;
			proxyType = 1;
			remoteGlobalIDString = CC3886C31F14C9F4005F9543;
			remoteInfo = "Swift3手机号输入框";
		};
/* End PBXContainerItemProxy section */

/* Begin PBXFileReference section */
		CC3886C41F14C9F4005F9543 /* Swift3手机号输入框.app */ = {isa = PBXFileReference; explicitFileType = wrapper.application; includeInIndex = 0; path = "Swift3手机号输入框.app"; sourceTree = BUILT_PRODUCTS_DIR; };
		CC3886C71F14C9F4005F9543 /* AppDelegate.swift */ = {isa = PBXFileReference; lastKnownFileType = sourcecode.swift; path = AppDelegate.swift; sourceTree = "<group>"; };
		CC3886C91F14C9F4005F9543 /* ViewController.swift */ = {isa = PBXFileReference; lastKnownFileType = sourcecode.swift; path = ViewController.swift; sourceTree = "<group>"; };
		CC3886CC1F14C9F4005F9543 /* Base */ = {isa = PBXFileReference; lastKnownFileType = file.storyboard; name = Base; path = Base.lproj/Main.storyboard; sourceTree = "<group>"; };
		CC3886CE1F14C9F4005F9543 /* Assets.xcassets */ = {isa = PBXFileReference; lastKnownFileType = folder.assetcatalog; path = Assets.xcassets; sourceTree = "<group>"; };
		CC3886D11F14C9F4005F9543 /* Base */ = {isa = PBXFileReference; lastKnownFileType = file.storyboard; name = Base; path = Base.lproj/LaunchScreen.storyboard; sourceTree = "<group>"; };
		CC3886D31F14C9F4005F9543 /* Info.plist */ = {isa = PBXFileReference; lastKnownFileType = text.plist.xml; path = Info.plist; sourceTree = "<group>"; };
		CC3886D81F14C9F4005F9543 /* Swift3手机号输入框Tests.xctest */ = {isa = PBXFileReference; explicitFileType = wrapper.cfbundle; includeInIndex = 0; path = "Swift3手机号输入框Tests.xctest"; sourceTree = BUILT_PRODUCTS_DIR; };
		CC3886DC1F14C9F4005F9543 /* Swift3______Tests.swift */ = {isa = PBXFileReference; lastKnownFileType = sourcecode.swift; path = "Swift3______Tests.swift"; sourceTree = "<group>"; };
		CC3886DE1F14C9F4005F9543 /* Info.plist */ = {isa = PBXFileReference; lastKnownFileType = text.plist.xml; path = Info.plist; sourceTree = "<group>"; };
		CC3886E31F14C9F4005F9543 /* Swift3手机号输入框UITests.xctest */ = {isa = PBXFileReference; explicitFileType = wrapper.cfbundle; includeInIndex = 0; path = "Swift3手机号输入框UITests.xctest"; sourceTree = BUILT_PRODUCTS_DIR; };
		CC3886E71F14C9F4005F9543 /* Swift3______UITests.swift */ = {isa = PBXFileReference; lastKnownFileType = sourcecode.swift; path = "Swift3______UITests.swift"; sourceTree = "<group>"; };
		CC3886E91F14C9F4005F9543 /* Info.plist */ = {isa = PBXFileReference; lastKnownFileType = text.plist.xml; path = Info.plist; sourceTree = "<group>"; };
		CC3886F51F15CD41005F9543 /* ZEPhoneField.swift */ = {isa = PBXFileReference; fileEncoding = 4; lastKnownFileType = sourcecode.swift; path = ZEPhoneField.swift; sourceTree = "<group>"; };
/* End PBXFileReference section */

/* Begin PBXFrameworksBuildPhase section */
		CC3886C11F14C9F4005F9543 /* Frameworks */ = {
			isa = PBXFrameworksBuildPhase;
			buildActionMask = 2147483647;
			files = (
			);
			runOnlyForDeploymentPostprocessing = 0;
		};
		CC3886D51F14C9F4005F9543 /* Frameworks */ = {
			isa = PBXFrameworksBuildPhase;
			buildActionMask = 2147483647;
			files = (
			);
			runOnlyForDeploymentPostprocessing = 0;
		};
		CC3886E01F14C9F4005F9543 /* Frameworks */ = {
			isa = PBXFrameworksBuildPhase;
			buildActionMask = 2147483647;
			files = (
			);
			runOnlyForDeploymentPostprocessing = 0;
		};
/* End PBXFrameworksBuildPhase section */

/* Begin PBXGroup section */
		CC3886BB1F14C9F4005F9543 = {
			isa = PBXGroup;
			children = (
				CC3886C61F14C9F4005F9543 /* Swift3手机号输入框 */,
				CC3886DB1F14C9F4005F9543 /* Swift3手机号输入框Tests */,
				CC3886E61F14C9F4005F9543 /* Swift3手机号输入框UITests */,
				CC3886C51F14C9F4005F9543 /* Products */,
			);
			sourceTree = "<group>";
		};
		CC3886C51F14C9F4005F9543 /* Products */ = {
			isa = PBXGroup;
			children = (
				CC3886C41F14C9F4005F9543 /* Swift3手机号输入框.app */,
				CC3886D81F14C9F4005F9543 /* Swift3手机号输入框Tests.xctest */,
				CC3886E31F14C9F4005F9543 /* Swift3手机号输入框UITests.xctest */,
			);
			name = Products;
			sourceTree = "<group>";
		};
		CC3886C61F14C9F4005F9543 /* Swift3手机号输入框 */ = {
			isa = PBXGroup;
			children = (
				CC3886C71F14C9F4005F9543 /* AppDelegate.swift */,
				CC3886C91F14C9F4005F9543 /* ViewController.swift */,
				CC3886F51F15CD41005F9543 /* ZEPhoneField.swift */,
				CC3886CB1F14C9F4005F9543 /* Main.storyboard */,
				CC3886CE1F14C9F4005F9543 /* Assets.xcassets */,
				CC3886D01F14C9F4005F9543 /* LaunchScreen.storyboard */,
				CC3886D31F14C9F4005F9543 /* Info.plist */,
			);
			path = "Swift3手机号输入框";
			sourceTree = "<group>";
		};
		CC3886DB1F14C9F4005F9543 /* Swift3手机号输入框Tests */ = {
			isa = PBXGroup;
			children = (
				CC3886DC1F14C9F4005F9543 /* Swift3______Tests.swift */,
				CC3886DE1F14C9F4005F9543 /* Info.plist */,
			);
			path = "Swift3手机号输入框Tests";
			sourceTree = "<group>";
		};
		CC3886E61F14C9F4005F9543 /* Swift3手机号输入框UITests */ = {
			isa = PBXGroup;
			children = (
				CC3886E71F14C9F4005F9543 /* Swift3______UITests.swift */,
				CC3886E91F14C9F4005F9543 /* Info.plist */,
			);
			path = "Swift3手机号输入框UITests";
			sourceTree = "<group>";
		};
/* End PBXGroup section */

/* Begin PBXNativeTarget section */
		CC3886C31F14C9F4005F9543 /* Swift3手机号输入框 */ = {
			isa = PBXNativeTarget;
			buildConfigurationList = CC3886EC1F14C9F4005F9543 /* Build configuration list for PBXNativeTarget "Swift3手机号输入框" */;
			buildPhases = (
				CC3886C01F14C9F4005F9543 /* Sources */,
				CC3886C11F14C9F4005F9543 /* Frameworks */,
				CC3886C21F14C9F4005F9543 /* Resources */,
			);
			buildRules = (
			);
			dependencies = (
			);
			name = "Swift3手机号输入框";
			productName = "Swift3手机号输入框";
			productReference = CC3886C41F14C9F4005F9543 /* Swift3手机号输入框.app */;
			productType = "com.apple.product-type.application";
		};
		CC3886D71F14C9F4005F9543 /* Swift3手机号输入框Tests */ = {
			isa = PBXNativeTarget;
			buildConfigurationList = CC3886EF1F14C9F4005F9543 /* Build configuration list for PBXNativeTarget "Swift3手机号输入框Tests" */;
			buildPhases = (
				CC3886D41F14C9F4005F9543 /* Sources */,
				CC3886D51F14C9F4005F9543 /* Frameworks */,
				CC3886D61F14C9F4005F9543 /* Resources */,
			);
			buildRules = (
			);
			dependencies = (
				CC3886DA1F14C9F4005F9543 /* PBXTargetDependency */,
			);
			name = "Swift3手机号输入框Tests";
			productName = "Swift3手机号输入框Tests";
			productReference = CC3886D81F14C9F4005F9543 /* Swift3手机号输入框Tests.xctest */;
			productType = "com.apple.product-type.bundle.unit-test";
		};
		CC3886E21F14C9F4005F9543 /* Swift3手机号输入框UITests */ = {
			isa = PBXNativeTarget;
			buildConfigurationList = CC3886F21F14C9F4005F9543 /* Build configuration list for PBXNativeTarget "Swift3手机号输入框UITests" */;
			buildPhases = (
				CC3886DF1F14C9F4005F9543 /* Sources */,
				CC3886E01F14C9F4005F9543 /* Frameworks */,
				CC3886E11F14C9F4005F9543 /* Resources */,
			);
			buildRules = (
			);
			dependencies = (
				CC3886E51F14C9F4005F9543 /* PBXTargetDependency */,
			);
			name = "Swift3手机号输入框UITests";
			productName = "Swift3手机号输入框UITests";
			productReference = CC3886E31F14C9F4005F9543 /* Swift3手机号输入框UITests.xctest */;
			productType = "com.apple.product-type.bundle.ui-testing";
		};
/* End PBXNativeTarget section */

/* Begin PBXProject section */
		CC3886BC1F14C9F4005F9543 /* Project object */ = {
			isa = PBXProject;
			attributes = {
				LastSwiftUpdateCheck = 0830;
				LastUpgradeCheck = 0830;
				ORGANIZATIONNAME = "Eugene Space";
				TargetAttributes = {
					CC3886C31F14C9F4005F9543 = {
						CreatedOnToolsVersion = 8.3.3;
						DevelopmentTeam = TU99LZKZGR;
						ProvisioningStyle = Automatic;
					};
					CC3886D71F14C9F4005F9543 = {
						CreatedOnToolsVersion = 8.3.3;
						DevelopmentTeam = TU99LZKZGR;
						ProvisioningStyle = Automatic;
						TestTargetID = CC3886C31F14C9F4005F9543;
					};
					CC3886E21F14C9F4005F9543 = {
						CreatedOnToolsVersion = 8.3.3;
						DevelopmentTeam = TU99LZKZGR;
						ProvisioningStyle = Automatic;
						TestTargetID = CC3886C31F14C9F4005F9543;
					};
				};
			};
			buildConfigurationList = CC3886BF1F14C9F4005F9543 /* Build configuration list for PBXProject "Swift3手机号输入框" */;
			compatibilityVersion = "Xcode 3.2";
			developmentRegion = English;
			hasScannedForEncodings = 0;
			knownRegions = (
				en,
				Base,
			);
			mainGroup = CC3886BB1F14C9F4005F9543;
			productRefGroup = CC3886C51F14C9F4005F9543 /* Products */;
			projectDirPath = "";
			projectRoot = "";
			targets = (
				CC3886C31F14C9F4005F9543 /* Swift3手机号输入框 */,
				CC3886D71F14C9F4005F9543 /* Swift3手机号输入框Tests */,
				CC3886E21F14C9F4005F9543 /* Swift3手机号输入框UITests */,
			);
		};
/* End PBXProject section */

/* Begin PBXResourcesBuildPhase section */
		CC3886C21F14C9F4005F9543 /* Resources */ = {
			isa = PBXResourcesBuildPhase;
			buildActionMask = 2147483647;
			files = (
				CC3886D21F14C9F4005F9543 /* LaunchScreen.storyboard in Resources */,
				CC3886CF1F14C9F4005F9543 /* Assets.xcassets in Resources */,
				CC3886CD1F14C9F4005F9543 /* Main.storyboard in Resources */,
			);
			runOnlyForDeploymentPostprocessing = 0;
		};
		CC3886D61F14C9F4005F9543 /* Resources */ = {
			isa = PBXResourcesBuildPhase;
			buildActionMask = 2147483647;
			files = (
			);
			runOnlyForDeploymentPostprocessing = 0;
		};
		CC3886E11F14C9F4005F9543 /* Resources */ = {
			isa = PBXResourcesBuildPhase;
			buildActionMask = 2147483647;
			files = (
			);
			runOnlyForDeploymentPostprocessing = 0;
		};
/* End PBXResourcesBuildPhase section */

/* Begin PBXSourcesBuildPhase section */
		CC3886C01F14C9F4005F9543 /* Sources */ = {
			isa = PBXSourcesBuildPhase;
			buildActionMask = 2147483647;
			files = (
				CC3886CA1F14C9F4005F9543 /* ViewController.swift in Sources */,
				CC3886C81F14C9F4005F9543 /* AppDelegate.swift in Sources */,
				CC3886F61F15CD41005F9543 /* ZEPhoneField.swift in Sources */,
			);
			runOnlyForDeploymentPostprocessing = 0;
		};
		CC3886D41F14C9F4005F9543 /* Sources */ = {
			isa = PBXSourcesBuildPhase;
			buildActionMask = 2147483647;
			files = (
				CC3886DD1F14C9F4005F9543 /* Swift3______Tests.swift in Sources */,
			);
			runOnlyForDeploymentPostprocessing = 0;
		};
		CC3886DF1F14C9F4005F9543 /* Sources */ = {
			isa = PBXSourcesBuildPhase;
			buildActionMask = 2147483647;
			files = (
				CC3886E81F14C9F4005F9543 /* Swift3______UITests.swift in Sources */,
			);
			runOnlyForDeploymentPostprocessing = 0;
		};
/* End PBXSourcesBuildPhase section */

/* Begin PBXTargetDependency section */
		CC3886DA1F14C9F4005F9543 /* PBXTargetDependency */ = {
			isa = PBXTargetDependency;
			target = CC3886C31F14C9F4005F9543 /* Swift3手机号输入框 */;
			targetProxy = CC3886D91F14C9F4005F9543 /* PBXContainerItemProxy */;
		};
		CC3886E51F14C9F4005F9543 /* PBXTargetDependency */ = {
			isa = PBXTargetDependency;
			target = CC3886C31F14C9F4005F9543 /* Swift3手机号输入框 */;
			targetProxy = CC3886E41F14C9F4005F9543 /* PBXContainerItemProxy */;
		};
/* End PBXTargetDependency section */

/* Begin PBXVariantGroup section */
		CC3886CB1F14C9F4005F9543 /* Main.storyboard */ = {
			isa = PBXVariantGroup;
			children = (
				CC3886CC1F14C9F4005F9543 /* Base */,
			);
			name = Main.storyboard;
			sourceTree = "<group>";
		};
		CC3886D01F14C9F4005F9543 /* LaunchScreen.storyboard */ = {
			isa = PBXVariantGroup;
			children = (
				CC3886D11F14C9F4005F9543 /* Base */,
			);
			name = LaunchScreen.storyboard;
			sourceTree = "<group>";
		};
/* End PBXVariantGroup section */

/* Begin XCBuildConfiguration section */
		CC3886EA1F14C9F4005F9543 /* Debug */ = {
			isa = XCBuildConfiguration;
			buildSettings = {
				ALWAYS_SEARCH_USER_PATHS = NO;
				CLANG_ANALYZER_NONNULL = YES;
				CLANG_ANALYZER_NUMBER_OBJECT_CONVERSION = YES_AGGRESSIVE;
				CLANG_CXX_LANGUAGE_STANDARD = "gnu++0x";
				CLANG_CXX_LIBRARY = "libc++";
				CLANG_ENABLE_MODULES = YES;
				CLANG_ENABLE_OBJC_ARC = YES;
				CLANG_WARN_BOOL_CONVERSION = YES;
				CLANG_WARN_CONSTANT_CONVERSION = YES;
				CLANG_WARN_DIRECT_OBJC_ISA_USAGE = YES_ERROR;
				CLANG_WARN_DOCUMENTATION_COMMENTS = YES;
				CLANG_WARN_EMPTY_BODY = YES;
				CLANG_WARN_ENUM_CONVERSION = YES;
				CLANG_WARN_INFINITE_RECURSION = YES;
				CLANG_WARN_INT_CONVERSION = YES;
				CLANG_WARN_OBJC_ROOT_CLASS = YES_ERROR;
				CLANG_WARN_SUSPICIOUS_MOVE = YES;
				CLANG_WARN_UNREACHABLE_CODE = YES;
				CLANG_WARN__DUPLICATE_METHOD_MATCH = YES;
				"CODE_SIGN_IDENTITY[sdk=iphoneos*]" = "iPhone Developer";
				COPY_PHASE_STRIP = NO;
				DEBUG_INFORMATION_FORMAT = dwarf;
				ENABLE_STRICT_OBJC_MSGSEND = YES;
				ENABLE_TESTABILITY = YES;
				GCC_C_LANGUAGE_STANDARD = gnu99;
				GCC_DYNAMIC_NO_PIC = NO;
				GCC_NO_COMMON_BLOCKS = YES;
				GCC_OPTIMIZATION_LEVEL = 0;
				GCC_PREPROCESSOR_DEFINITIONS = (
					"DEBUG=1",
					"$(inherited)",
				);
				GCC_WARN_64_TO_32_BIT_CONVERSION = YES;
				GCC_WARN_ABOUT_RETURN_TYPE = YES_ERROR;
				GCC_WARN_UNDECLARED_SELECTOR = YES;
				GCC_WARN_UNINITIALIZED_AUTOS = YES_AGGRESSIVE;
				GCC_WARN_UNUSED_FUNCTION = YES;
				GCC_WARN_UNUSED_VARIABLE = YES;
				IPHONEOS_DEPLOYMENT_TARGET = 10.3;
				MTL_ENABLE_DEBUG_INFO = YES;
				ONLY_ACTIVE_ARCH = YES;
				SDKROOT = iphoneos;
				SWIFT_ACTIVE_COMPILATION_CONDITIONS = DEBUG;
				SWIFT_OPTIMIZATION_LEVEL = "-Onone";
				TARGETED_DEVICE_FAMILY = "1,2";
			};
			name = Debug;
		};
		CC3886EB1F14C9F4005F9543 /* Release */ = {
			isa = XCBuildConfiguration;
			buildSettings = {
				ALWAYS_SEARCH_USER_PATHS = NO;
				CLANG_ANALYZER_NONNULL = YES;
				CLANG_ANALYZER_NUMBER_OBJECT_CONVERSION = YES_AGGRESSIVE;
				CLANG_CXX_LANGUAGE_STANDARD = "gnu++0x";
				CLANG_CXX_LIBRARY = "libc++";
				CLANG_ENABLE_MODULES = YES;
				CLANG_ENABLE_OBJC_ARC = YES;
				CLANG_WARN_BOOL_CONVERSION = YES;
				CLANG_WARN_CONSTANT_CONVERSION = YES;
				CLANG_WARN_DIRECT_OBJC_ISA_USAGE = YES_ERROR;
				CLANG_WARN_DOCUMENTATION_COMMENTS = YES;
				CLANG_WARN_EMPTY_BODY = YES;
				CLANG_WARN_ENUM_CONVERSION = YES;
				CLANG_WARN_INFINITE_RECURSION = YES;
				CLANG_WARN_INT_CONVERSION = YES;
				CLANG_WARN_OBJC_ROOT_CLASS = YES_ERROR;
				CLANG_WARN_SUSPICIOUS_MOVE = YES;
				CLANG_WARN_UNREACHABLE_CODE = YES;
				CLANG_WARN__DUPLICATE_METHOD_MATCH = YES;
				"CODE_SIGN_IDENTITY[sdk=iphoneos*]" = "iPhone Developer";
				COPY_PHASE_STRIP = NO;
				DEBUG_INFORMATION_FORMAT = "dwarf-with-dsym";
				ENABLE_NS_ASSERTIONS = NO;
				ENABLE_STRICT_OBJC_MSGSEND = YES;
				GCC_C_LANGUAGE_STANDARD = gnu99;
				GCC_NO_COMMON_BLOCKS = YES;
				GCC_WARN_64_TO_32_BIT_CONVERSION = YES;
				GCC_WARN_ABOUT_RETURN_TYPE = YES_ERROR;
				GCC_WARN_UNDECLARED_SELECTOR = YES;
				GCC_WARN_UNINITIALIZED_AUTOS = YES_AGGRESSIVE;
				GCC_WARN_UNUSED_FUNCTION = YES;
				GCC_WARN_UNUSED_VARIABLE = YES;
				IPHONEOS_DEPLOYMENT_TARGET = 10.3;
				MTL_ENABLE_DEBUG_INFO = NO;
				SDKROOT = iphoneos;
				SWIFT_OPTIMIZATION_LEVEL = "-Owholemodule";
				TARGETED_DEVICE_FAMILY = "1,2";
				VALIDATE_PRODUCT = YES;
			};
			name = Release;
		};
		CC3886ED1F14C9F4005F9543 /* Debug */ = {
			isa = XCBuildConfiguration;
			buildSettings = {
				ASSETCATALOG_COMPILER_APPICON_NAME = AppIcon;
				DEVELOPMENT_TEAM = TU99LZKZGR;
				INFOPLIST_FILE = "Swift3手机号输入框/Info.plist";
				LD_RUNPATH_SEARCH_PATHS = "$(inherited) @executable_path/Frameworks";
				PRODUCT_BUNDLE_IDENTIFIER = "Eugene.Swift3------";
				PRODUCT_NAME = "$(TARGET_NAME)";
				SWIFT_VERSION = 3.0;
			};
			name = Debug;
		};
		CC3886EE1F14C9F4005F9543 /* Release */ = {
			isa = XCBuildConfiguration;
			buildSettings = {
				ASSETCATALOG_COMPILER_APPICON_NAME = AppIcon;
				DEVELOPMENT_TEAM = TU99LZKZGR;
				INFOPLIST_FILE = "Swift3手机号输入框/Info.plist";
				LD_RUNPATH_SEARCH_PATHS = "$(inherited) @executable_path/Frameworks";
				PRODUCT_BUNDLE_IDENTIFIER = "Eugene.Swift3------";
				PRODUCT_NAME = "$(TARGET_NAME)";
				SWIFT_VERSION = 3.0;
			};
			name = Release;
		};
		CC3886F01F14C9F4005F9543 /* Debug */ = {
			isa = XCBuildConfiguration;
			buildSettings = {
				ALWAYS_EMBED_SWIFT_STANDARD_LIBRARIES = YES;
				BUNDLE_LOADER = "$(TEST_HOST)";
				DEVELOPMENT_TEAM = TU99LZKZGR;
				INFOPLIST_FILE = "Swift3手机号输入框Tests/Info.plist";
				LD_RUNPATH_SEARCH_PATHS = "$(inherited) @executable_path/Frameworks @loader_path/Frameworks";
				PRODUCT_BUNDLE_IDENTIFIER = "Eugene.Swift3------Tests";
				PRODUCT_NAME = "$(TARGET_NAME)";
				SWIFT_VERSION = 3.0;
				TEST_HOST = "$(BUILT_PRODUCTS_DIR)/Swift3手机号输入框.app/Swift3手机号输入框";
			};
			name = Debug;
		};
		CC3886F11F14C9F4005F9543 /* Release */ = {
			isa = XCBuildConfiguration;
			buildSettings = {
				ALWAYS_EMBED_SWIFT_STANDARD_LIBRARIES = YES;
				BUNDLE_LOADER = "$(TEST_HOST)";
				DEVELOPMENT_TEAM = TU99LZKZGR;
				INFOPLIST_FILE = "Swift3手机号输入框Tests/Info.plist";
				LD_RUNPATH_SEARCH_PATHS = "$(inherited) @executable_path/Frameworks @loader_path/Frameworks";
				PRODUCT_BUNDLE_IDENTIFIER = "Eugene.Swift3------Tests";
				PRODUCT_NAME = "$(TARGET_NAME)";
				SWIFT_VERSION = 3.0;
				TEST_HOST = "$(BUILT_PRODUCTS_DIR)/Swift3手机号输入框.app/Swift3手机号输入框";
			};
			name = Release;
		};
		CC3886F31F14C9F4005F9543 /* Debug */ = {
			isa = XCBuildConfiguration;
			buildSettings = {
				ALWAYS_EMBED_SWIFT_STANDARD_LIBRARIES = YES;
				DEVELOPMENT_TEAM = TU99LZKZGR;
				INFOPLIST_FILE = "Swift3手机号输入框UITests/Info.plist";
				LD_RUNPATH_SEARCH_PATHS = "$(inherited) @executable_path/Frameworks @loader_path/Frameworks";
				PRODUCT_BUNDLE_IDENTIFIER = "Eugene.Swift3------UITests";
				PRODUCT_NAME = "$(TARGET_NAME)";
				SWIFT_VERSION = 3.0;
				TEST_TARGET_NAME = "Swift3手机号输入框";
			};
			name = Debug;
		};
		CC3886F41F14C9F4005F9543 /* Release */ = {
			isa = XCBuildConfiguration;
			buildSettings = {
				ALWAYS_EMBED_SWIFT_STANDARD_LIBRARIES = YES;
				DEVELOPMENT_TEAM = TU99LZKZGR;
				INFOPLIST_FILE = "Swift3手机号输入框UITests/Info.plist";
				LD_RUNPATH_SEARCH_PATHS = "$(inherited) @executable_path/Frameworks @loader_path/Frameworks";
				PRODUCT_BUNDLE_IDENTIFIER = "Eugene.Swift3------UITests";
				PRODUCT_NAME = "$(TARGET_NAME)";
				SWIFT_VERSION = 3.0;
				TEST_TARGET_NAME = "Swift3手机号输入框";
			};
			name = Release;
		};
/* End XCBuildConfiguration section */

/* Begin XCConfigurationList section */
		CC3886BF1F14C9F4005F9543 /* Build configuration list for PBXProject "Swift3手机号输入框" */ = {
			isa = XCConfigurationList;
			buildConfigurations = (
				CC3886EA1F14C9F4005F9543 /* Debug */,
				CC3886EB1F14C9F4005F9543 /* Release */,
			);
			defaultConfigurationIsVisible = 0;
			defaultConfigurationName = Release;
		};
		CC3886EC1F14C9F4005F9543 /* Build configuration list for PBXNativeTarget "Swift3手机号输入框" */ = {
			isa = XCConfigurationList;
			buildConfigurations = (
				CC3886ED1F14C9F4005F9543 /* Debug */,
				CC3886EE1F14C9F4005F9543 /* Release */,
			);
			defaultConfigurationIsVisible = 0;
		};
		CC3886EF1F14C9F4005F9543 /* Build configuration list for PBXNativeTarget "Swift3手机号输入框Tests" */ = {
			isa = XCConfigurationList;
			buildConfigurations = (
				CC3886F01F14C9F4005F9543 /* Debug */,
				CC3886F11F14C9F4005F9543 /* Release */,
			);
			defaultConfigurationIsVisible = 0;
		};
		CC3886F21F14C9F4005F9543 /* Build configuration list for PBXNativeTarget "Swift3手机号输入框UITests" */ = {
			isa = XCConfigurationList;
			buildConfigurations = (
				CC3886F31F14C9F4005F9543 /* Debug */,
				CC3886F41F14C9F4005F9543 /* Release */,
			);
			defaultConfigurationIsVisible = 0;
		};
/* End XCConfigurationList section */
	};
	rootObject = CC3886BC1F14C9F4005F9543 /* Project object */;
}
